{
  "originHash" : "af928c0517744b1f400116ef6daeac0970b40d5205f38c00b586281905e92d43",
  "pins" : [
    {
      "identity" : "swift-syntax",
      "kind" : "remoteSourceControl",
      "location" : "https://github.com/swiftlang/swift-syntax.git",
      "state" : {
        "revision" : "0687f71944021d616d34d922343dcef086855920",
        "version" : "600.0.1"
      }
    }
  ],
  "version" : 3
}
