// !$*UTF8*$!
{
	archiveVersion = 1;
	classes = {
	};
	objectVersion = 77;
	objects = {

/* Begin PBXBuildFile section */
		ABF7012E2F9AB9640089263D /* DemoShared in Frameworks */ = {isa = PBXBuildFile; productRef = ABF7012D2F9AB9640089263D /* DemoShared */; };
		ABF701312F9AB9730089263D /* MCCategories in Frameworks */ = {isa = PBXBuildFile; productRef = ABF701302F9AB9730089263D /* MCCategories */; };
/* End PBXBuildFile section */

/* Begin PBXContainerItemProxy section */
		ABF701042F9AB9410089263D /* PBXContainerItemProxy */ = {
			isa = PBXContainerItemProxy;
			containerPortal = ABF700EE2F9AB9400089263D /* Project object */;
			proxyType = 1;
			remoteGlobalIDString = ABF700F52F9AB9400089263D;
			remoteInfo = CategoriesDemoApp;
		};
		ABF7010E2F9AB9410089263D /* PBXContainerItemProxy */ = {
			isa = PBXContainerItemProxy;
			containerPortal = ABF700EE2F9AB9400089263D /* Project object */;
			proxyType = 1;
			remoteGlobalIDString = ABF700F52F9AB9400089263D;
			remoteInfo = CategoriesDemoApp;
		};
/* End PBXContainerItemProxy section */

/* Begin PBXFileReference section */
		ABF700F62F9AB9400089263D /* CategoriesDemoApp.app */ = {isa = PBXFileReference; explicitFileType = wrapper.application; includeInIndex = 0; path = CategoriesDemoApp.app; sourceTree = BUILT_PRODUCTS_DIR; };
		ABF701032F9AB9410089263D /* CategoriesDemoAppTests.xctest */ = {isa = PBXFileReference; explicitFileType = wrapper.cfbundle; includeInIndex = 0; path = CategoriesDemoAppTests.xctest; sourceTree = BUILT_PRODUCTS_DIR; };
		ABF7010D2F9AB9410089263D /* CategoriesDemoAppUITests.xctest */ = {isa = PBXFileReference; explicitFileType = wrapper.cfbundle; includeInIndex = 0; path = CategoriesDemoAppUITests.xctest; sourceTree = BUILT_PRODUCTS_DIR; };
/* End PBXFileReference section */

/* Begin PBXFileSystemSynchronizedRootGroup section */
		ABF700F82F9AB9400089263D /* CategoriesDemoApp */ = {
			isa = PBXFileSystemSynchronizedRootGroup;
			path = CategoriesDemoApp;
			sourceTree = "<group>";
		};
		ABF701102F9AB9410089263D /* CategoriesDemoAppUITests */ = {
			isa = PBXFileSystemSynchronizedRootGroup;
			path = CategoriesDemoAppUITests;
			sourceTree = "<group>";
		};
/* End PBXFileSystemSynchronizedRootGroup section */

/* Begin PBXFrameworksBuildPhase section */
		ABF700F32F9AB9400089263D /* Frameworks */ = {
			isa = PBXFrameworksBuildPhase;
			buildActionMask = 2147483647;
			files = (
				ABF701312F9AB9730089263D /* MCCategories in Frameworks */,
				ABF7012E2F9AB9640089263D /* DemoShared in Frameworks */,
			);
			runOnlyForDeploymentPostprocessing = 0;
		};
		ABF701002F9AB9410089263D /* Frameworks */ = {
			isa = PBXFrameworksBuildPhase;
			buildActionMask = 2147483647;
			files = (
			);
			runOnlyForDeploymentPostprocessing = 0;
		};
		ABF7010A2F9AB9410089263D /* Frameworks */ = {
			isa = PBXFrameworksBuildPhase;
			buildActionMask = 2147483647;
			files = (
			);
			runOnlyForDeploymentPostprocessing = 0;
		};
/* End PBXFrameworksBuildPhase section */

/* Begin PBXGroup section */
		ABF700ED2F9AB9400089263D = {
			isa = PBXGroup;
			children = (
				ABF700F82F9AB9400089263D /* CategoriesDemoApp */,
				ABF701102F9AB9410089263D /* CategoriesDemoAppUITests */,
				ABF700F72F9AB9400089263D /* Products */,
			);
			sourceTree = "<group>";
		};
		ABF700F72F9AB9400089263D /* Products */ = {
			isa = PBXGroup;
			children = (
				ABF700F62F9AB9400089263D /* CategoriesDemoApp.app */,
				ABF701032F9AB9410089263D /* CategoriesDemoAppTests.xctest */,
				ABF7010D2F9AB9410089263D /* CategoriesDemoAppUITests.xctest */,
			);
			name = Products;
			sourceTree = "<group>";
		};
/* End PBXGroup section */

/* Begin PBXNativeTarget section */
		ABF700F52F9AB9400089263D /* CategoriesDemoApp */ = {
			isa = PBXNativeTarget;
			buildConfigurationList = ABF701172F9AB9410089263D /* Build configuration list for PBXNativeTarget "CategoriesDemoApp" */;
			buildPhases = (
				ABF700F22F9AB9400089263D /* Sources */,
				ABF700F32F9AB9400089263D /* Frameworks */,
				ABF700F42F9AB9400089263D /* Resources */,
			);
			buildRules = (
			);
			dependencies = (
			);
			fileSystemSynchronizedGroups = (
				ABF700F82F9AB9400089263D /* CategoriesDemoApp */,
			);
			name = CategoriesDemoApp;
			packageProductDependencies = (
				ABF7012D2F9AB9640089263D /* DemoShared */,
				ABF701302F9AB9730089263D /* MCCategories */,
			);
			productName = CategoriesDemoApp;
			productReference = ABF700F62F9AB9400089263D /* CategoriesDemoApp.app */;
			productType = "com.apple.product-type.application";
		};
		ABF701022F9AB9410089263D /* CategoriesDemoAppTests */ = {
			isa = PBXNativeTarget;
			buildConfigurationList = ABF7011A2F9AB9410089263D /* Build configuration list for PBXNativeTarget "CategoriesDemoAppTests" */;
			buildPhases = (
				ABF700FF2F9AB9410089263D /* Sources */,
				ABF701002F9AB9410089263D /* Frameworks */,
				ABF701012F9AB9410089263D /* Resources */,
			);
			buildRules = (
			);
			dependencies = (
				ABF701052F9AB9410089263D /* PBXTargetDependency */,
			);
			name = CategoriesDemoAppTests;
			packageProductDependencies = (
			);
			productName = CategoriesDemoAppTests;
			productReference = ABF701032F9AB9410089263D /* CategoriesDemoAppTests.xctest */;
			productType = "com.apple.product-type.bundle.unit-test";
		};
		ABF7010C2F9AB9410089263D /* CategoriesDemoAppUITests */ = {
			isa = PBXNativeTarget;
			buildConfigurationList = ABF7011D2F9AB9410089263D /* Build configuration list for PBXNativeTarget "CategoriesDemoAppUITests" */;
			buildPhases = (
				ABF701092F9AB9410089263D /* Sources */,
				ABF7010A2F9AB9410089263D /* Frameworks */,
				ABF7010B2F9AB9410089263D /* Resources */,
			);
			buildRules = (
			);
			dependencies = (
				ABF7010F2F9AB9410089263D /* PBXTargetDependency */,
			);
			fileSystemSynchronizedGroups = (
				ABF701102F9AB9410089263D /* CategoriesDemoAppUITests */,
			);
			name = CategoriesDemoAppUITests;
			packageProductDependencies = (
			);
			productName = CategoriesDemoAppUITests;
			productReference = ABF7010D2F9AB9410089263D /* CategoriesDemoAppUITests.xctest */;
			productType = "com.apple.product-type.bundle.ui-testing";
		};
/* End PBXNativeTarget section */

/* Begin PBXProject section */
		ABF700EE2F9AB9400089263D /* Project object */ = {
			isa = PBXProject;
			attributes = {
				BuildIndependentTargetsInParallel = 1;
				LastSwiftUpdateCheck = 2620;
				LastUpgradeCheck = 2620;
				TargetAttributes = {
					ABF700F52F9AB9400089263D = {
						CreatedOnToolsVersion = 26.2;
					};
					ABF701022F9AB9410089263D = {
						CreatedOnToolsVersion = 26.2;
						TestTargetID = ABF700F52F9AB9400089263D;
					};
					ABF7010C2F9AB9410089263D = {
						CreatedOnToolsVersion = 26.2;
						TestTargetID = ABF700F52F9AB9400089263D;
					};
				};
			};
			buildConfigurationList = ABF700F12F9AB9400089263D /* Build configuration list for PBXProject "CategoriesDemoApp" */;
			developmentRegion = en;
			hasScannedForEncodings = 0;
			knownRegions = (
				en,
				Base,
			);
			mainGroup = ABF700ED2F9AB9400089263D;
			minimizedProjectReferenceProxies = 1;
			packageReferences = (
				ABF7012C2F9AB9640089263D /* XCLocalSwiftPackageReference "../../DemoShared" */,
				ABF7012F2F9AB9730089263D /* XCLocalSwiftPackageReference "../../MCCategories" */,
			);
			preferredProjectObjectVersion = 77;
			productRefGroup = ABF700F72F9AB9400089263D /* Products */;
			projectDirPath = "";
			projectRoot = "";
			targets = (
				ABF700F52F9AB9400089263D /* CategoriesDemoApp */,
				ABF701022F9AB9410089263D /* CategoriesDemoAppTests */,
				ABF7010C2F9AB9410089263D /* CategoriesDemoAppUITests */,
			);
		};
/* End PBXProject section */

/* Begin PBXResourcesBuildPhase section */
		ABF700F42F9AB9400089263D /* Resources */ = {
			isa = PBXResourcesBuildPhase;
			buildActionMask = 2147483647;
			files = (
			);
			runOnlyForDeploymentPostprocessing = 0;
		};
		ABF701012F9AB9410089263D /* Resources */ = {
			isa = PBXResourcesBuildPhase;
			buildActionMask = 2147483647;
			files = (
			);
			runOnlyForDeploymentPostprocessing = 0;
		};
		ABF7010B2F9AB9410089263D /* Resources */ = {
			isa = PBXResourcesBuildPhase;
			buildActionMask = 2147483647;
			files = (
			);
			runOnlyForDeploymentPostprocessing = 0;
		};
/* End PBXResourcesBuildPhase section */

/* Begin PBXSourcesBuildPhase section */
		ABF700F22F9AB9400089263D /* Sources */ = {
			isa = PBXSourcesBuildPhase;
			buildActionMask = 2147483647;
			files = (
			);
			runOnlyForDeploymentPostprocessing = 0;
		};
		ABF700FF2F9AB9410089263D /* Sources */ = {
			isa = PBXSourcesBuildPhase;
			buildActionMask = 2147483647;
			files = (
			);
			runOnlyForDeploymentPostprocessing = 0;
		};
		ABF701092F9AB9410089263D /* Sources */ = {
			isa = PBXSourcesBuildPhase;
			buildActionMask = 2147483647;
			files = (
			);
			runOnlyForDeploymentPostprocessing = 0;
		};
/* End PBXSourcesBuildPhase section */

/* Begin PBXTargetDependency section */
		ABF701052F9AB9410089263D /* PBXTargetDependency */ = {
			isa = PBXTargetDependency;
			target = ABF700F52F9AB9400089263D /* CategoriesDemoApp */;
			targetProxy = ABF701042F9AB9410089263D /* PBXContainerItemProxy */;
		};
		ABF7010F2F9AB9410089263D /* PBXTargetDependency */ = {
			isa = PBXTargetDependency;
			target = ABF700F52F9AB9400089263D /* CategoriesDemoApp */;
			targetProxy = ABF7010E2F9AB9410089263D /* PBXContainerItemProxy */;
		};
/* End PBXTargetDependency section */

/* Begin XCBuildConfiguration section */
		ABF701152F9AB9410089263D /* Debug */ = {
			isa = XCBuildConfiguration;
			buildSettings = {
				ALWAYS_SEARCH_USER_PATHS = NO;
				ASSETCATALOG_COMPILER_GENERATE_SWIFT_ASSET_SYMBOL_EXTENSIONS = YES;
				CLANG_ANALYZER_NONNULL = YES;
				CLANG_ANALYZER_NUMBER_OBJECT_CONVERSION = YES_AGGRESSIVE;
				CLANG_CXX_LANGUAGE_STANDARD = "gnu++20";
				CLANG_ENABLE_MODULES = YES;
				CLANG_ENABLE_OBJC_ARC = YES;
				CLANG_ENABLE_OBJC_WEAK = YES;
				CLANG_WARN_BLOCK_CAPTURE_AUTORELEASING = YES;
				CLANG_WARN_BOOL_CONVERSION = YES;
				CLANG_WARN_COMMA = YES;
				CLANG_WARN_CONSTANT_CONVERSION = YES;
				CLANG_WARN_DEPRECATED_OBJC_IMPLEMENTATIONS = YES;
				CLANG_WARN_DIRECT_OBJC_ISA_USAGE = YES_ERROR;
				CLANG_WARN_DOCUMENTATION_COMMENTS = YES;
				CLANG_WARN_EMPTY_BODY = YES;
				CLANG_WARN_ENUM_CONVERSION = YES;
				CLANG_WARN_INFINITE_RECURSION = YES;
				CLANG_WARN_INT_CONVERSION = YES;
				CLANG_WARN_NON_LITERAL_NULL_CONVERSION = YES;
				CLANG_WARN_OBJC_IMPLICIT_RETAIN_SELF = YES;
				CLANG_WARN_OBJC_LITERAL_CONVERSION = YES;
				CLANG_WARN_OBJC_ROOT_CLASS = YES_ERROR;
				CLANG_WARN_QUOTED_INCLUDE_IN_FRAMEWORK_HEADER = YES;
				CLANG_WARN_RANGE_LOOP_ANALYSIS = YES;
				CLANG_WARN_STRICT_PROTOTYPES = YES;
				CLANG_WARN_SUSPICIOUS_MOVE = YES;
				CLANG_WARN_UNGUARDED_AVAILABILITY = YES_AGGRESSIVE;
				CLANG_WARN_UNREACHABLE_CODE = YES;
				CLANG_WARN__DUPLICATE_METHOD_MATCH = YES;
				COPY_PHASE_STRIP = NO;
				DEBUG_INFORMATION_FORMAT = dwarf;
				DEVELOPMENT_TEAM = SJTT4SW9L7;
				ENABLE_STRICT_OBJC_MSGSEND = YES;
				ENABLE_TESTABILITY = YES;
				ENABLE_USER_SCRIPT_SANDBOXING = YES;
				GCC_C_LANGUAGE_STANDARD = gnu17;
				GCC_DYNAMIC_NO_PIC = NO;
				GCC_NO_COMMON_BLOCKS = YES;
				GCC_OPTIMIZATION_LEVEL = 0;
				GCC_PREPROCESSOR_DEFINITIONS = (
					"DEBUG=1",
					"$(inherited)",
				);
				GCC_WARN_64_TO_32_BIT_CONVERSION = YES;
				GCC_WARN_ABOUT_RETURN_TYPE = YES_ERROR;
				GCC_WARN_UNDECLARED_SELECTOR = YES;
				GCC_WARN_UNINITIALIZED_AUTOS = YES_AGGRESSIVE;
				GCC_WARN_UNUSED_FUNCTION = YES;
				GCC_WARN_UNUSED_VARIABLE = YES;
				LOCALIZATION_PREFERS_STRING_CATALOGS = YES;
				MTL_ENABLE_DEBUG_INFO = INCLUDE_SOURCE;
				MTL_FAST_MATH = YES;
				ONLY_ACTIVE_ARCH = YES;
				SWIFT_ACTIVE_COMPILATION_CONDITIONS = "DEBUG $(inherited)";
				SWIFT_OPTIMIZATION_LEVEL = "-Onone";
			};
			name = Debug;
		};
		ABF701162F9AB9410089263D /* Release */ = {
			isa = XCBuildConfiguration;
			buildSettings = {
				ALWAYS_SEARCH_USER_PATHS = NO;
				ASSETCATALOG_COMPILER_GENERATE_SWIFT_ASSET_SYMBOL_EXTENSIONS = YES;
				CLANG_ANALYZER_NONNULL = YES;
				CLANG_ANALYZER_NUMBER_OBJECT_CONVERSION = YES_AGGRESSIVE;
				CLANG_CXX_LANGUAGE_STANDARD = "gnu++20";
				CLANG_ENABLE_MODULES = YES;
				CLANG_ENABLE_OBJC_ARC = YES;
				CLANG_ENABLE_OBJC_WEAK = YES;
				CLANG_WARN_BLOCK_CAPTURE_AUTORELEASING = YES;
				CLANG_WARN_BOOL_CONVERSION = YES;
				CLANG_WARN_COMMA = YES;
				CLANG_WARN_CONSTANT_CONVERSION = YES;
				CLANG_WARN_DEPRECATED_OBJC_IMPLEMENTATIONS = YES;
				CLANG_WARN_DIRECT_OBJC_ISA_USAGE = YES_ERROR;
				CLANG_WARN_DOCUMENTATION_COMMENTS = YES;
				CLANG_WARN_EMPTY_BODY = YES;
				CLANG_WARN_ENUM_CONVERSION = YES;
				CLANG_WARN_INFINITE_RECURSION = YES;
				CLANG_WARN_INT_CONVERSION = YES;
				CLANG_WARN_NON_LITERAL_NULL_CONVERSION = YES;
				CLANG_WARN_OBJC_IMPLICIT_RETAIN_SELF = YES;
				CLANG_WARN_OBJC_LITERAL_CONVERSION = YES;
				CLANG_WARN_OBJC_ROOT_CLASS = YES_ERROR;
				CLANG_WARN_QUOTED_INCLUDE_IN_FRAMEWORK_HEADER = YES;
				CLANG_WARN_RANGE_LOOP_ANALYSIS = YES;
				CLANG_WARN_STRICT_PROTOTYPES = YES;
				CLANG_WARN_SUSPICIOUS_MOVE = YES;
				CLANG_WARN_UNGUARDED_AVAILABILITY = YES_AGGRESSIVE;
				CLANG_WARN_UNREACHABLE_CODE = YES;
				CLANG_WARN__DUPLICATE_METHOD_MATCH = YES;
				COPY_PHASE_STRIP = NO;
				DEBUG_INFORMATION_FORMAT = "dwarf-with-dsym";
				DEVELOPMENT_TEAM = SJTT4SW9L7;
				ENABLE_NS_ASSERTIONS = NO;
				ENABLE_STRICT_OBJC_MSGSEND = YES;
				ENABLE_USER_SCRIPT_SANDBOXING = YES;
				GCC_C_LANGUAGE_STANDARD = gnu17;
				GCC_NO_COMMON_BLOCKS = YES;
				GCC_WARN_64_TO_32_BIT_CONVERSION = YES;
				GCC_WARN_ABOUT_RETURN_TYPE = YES_ERROR;
				GCC_WARN_UNDECLARED_SELECTOR = YES;
				GCC_WARN_UNINITIALIZED_AUTOS = YES_AGGRESSIVE;
				GCC_WARN_UNUSED_FUNCTION = YES;
				GCC_WARN_UNUSED_VARIABLE = YES;
				LOCALIZATION_PREFERS_STRING_CATALOGS = YES;
				MTL_ENABLE_DEBUG_INFO = NO;
				MTL_FAST_MATH = YES;
				SWIFT_COMPILATION_MODE = wholemodule;
			};
			name = Release;
		};
		ABF701182F9AB9410089263D /* Debug */ = {
			isa = XCBuildConfiguration;
			buildSettings = {
				ASSETCATALOG_COMPILER_APPICON_NAME = AppIcon;
				ASSETCATALOG_COMPILER_GLOBAL_ACCENT_COLOR_NAME = AccentColor;
				CODE_SIGN_STYLE = Automatic;
				CURRENT_PROJECT_VERSION = 1;
				DEVELOPMENT_TEAM = SJTT4SW9L7;
				ENABLE_APP_SANDBOX = YES;
				ENABLE_HARDENED_RUNTIME = YES;
				ENABLE_PREVIEWS = YES;
				ENABLE_USER_SELECTED_FILES = readonly;
				GENERATE_INFOPLIST_FILE = YES;
				"INFOPLIST_KEY_UIApplicationSceneManifest_Generation[sdk=iphoneos*]" = YES;
				"INFOPLIST_KEY_UIApplicationSceneManifest_Generation[sdk=iphonesimulator*]" = YES;
				"INFOPLIST_KEY_UIApplicationSupportsIndirectInputEvents[sdk=iphoneos*]" = YES;
				"INFOPLIST_KEY_UIApplicationSupportsIndirectInputEvents[sdk=iphonesimulator*]" = YES;
				"INFOPLIST_KEY_UILaunchScreen_Generation[sdk=iphoneos*]" = YES;
				"INFOPLIST_KEY_UILaunchScreen_Generation[sdk=iphonesimulator*]" = YES;
				"INFOPLIST_KEY_UIStatusBarStyle[sdk=iphoneos*]" = UIStatusBarStyleDefault;
				"INFOPLIST_KEY_UIStatusBarStyle[sdk=iphonesimulator*]" = UIStatusBarStyleDefault;
				INFOPLIST_KEY_UISupportedInterfaceOrientations_iPad = "UIInterfaceOrientationPortrait UIInterfaceOrientationPortraitUpsideDown UIInterfaceOrientationLandscapeLeft UIInterfaceOrientationLandscapeRight";
				INFOPLIST_KEY_UISupportedInterfaceOrientations_iPhone = "UIInterfaceOrientationPortrait UIInterfaceOrientationLandscapeLeft UIInterfaceOrientationLandscapeRight";
				IPHONEOS_DEPLOYMENT_TARGET = 26.2;
				LD_RUNPATH_SEARCH_PATHS = "@executable_path/Frameworks";
				"LD_RUNPATH_SEARCH_PATHS[sdk=macosx*]" = "@executable_path/../Frameworks";
				MACOSX_DEPLOYMENT_TARGET = 15.7;
				MARKETING_VERSION = 1.0;
				PRODUCT_BUNDLE_IDENTIFIER = com.marcola.CategoriesDemoApp;
				PRODUCT_NAME = "$(TARGET_NAME)";
				REGISTER_APP_GROUPS = YES;
				SDKROOT = auto;
				STRING_CATALOG_GENERATE_SYMBOLS = YES;
				SUPPORTED_PLATFORMS = "iphoneos iphonesimulator macosx xros xrsimulator";
				SWIFT_APPROACHABLE_CONCURRENCY = YES;
				SWIFT_DEFAULT_ACTOR_ISOLATION = MainActor;
				SWIFT_EMIT_LOC_STRINGS = YES;
				SWIFT_UPCOMING_FEATURE_MEMBER_IMPORT_VISIBILITY = YES;
				SWIFT_VERSION = 5.0;
				TARGETED_DEVICE_FAMILY = "1,2,7";
				XROS_DEPLOYMENT_TARGET = 26.2;
			};
			name = Debug;
		};
		ABF701192F9AB9410089263D /* Release */ = {
			isa = XCBuildConfiguration;
			buildSettings = {
				ASSETCATALOG_COMPILER_APPICON_NAME = AppIcon;
				ASSETCATALOG_COMPILER_GLOBAL_ACCENT_COLOR_NAME = AccentColor;
				CODE_SIGN_STYLE = Automatic;
				CURRENT_PROJECT_VERSION = 1;
				DEVELOPMENT_TEAM = SJTT4SW9L7;
				ENABLE_APP_SANDBOX = YES;
				ENABLE_HARDENED_RUNTIME = YES;
				ENABLE_PREVIEWS = YES;
				ENABLE_USER_SELECTED_FILES = readonly;
				GENERATE_INFOPLIST_FILE = YES;
				"INFOPLIST_KEY_UIApplicationSceneManifest_Generation[sdk=iphoneos*]" = YES;
				"INFOPLIST_KEY_UIApplicationSceneManifest_Generation[sdk=iphonesimulator*]" = YES;
				"INFOPLIST_KEY_UIApplicationSupportsIndirectInputEvents[sdk=iphoneos*]" = YES;
				"INFOPLIST_KEY_UIApplicationSupportsIndirectInputEvents[sdk=iphonesimulator*]" = YES;
				"INFOPLIST_KEY_UILaunchScreen_Generation[sdk=iphoneos*]" = YES;
				"INFOPLIST_KEY_UILaunchScreen_Generation[sdk=iphonesimulator*]" = YES;
				"INFOPLIST_KEY_UIStatusBarStyle[sdk=iphoneos*]" = UIStatusBarStyleDefault;
				"INFOPLIST_KEY_UIStatusBarStyle[sdk=iphonesimulator*]" = UIStatusBarStyleDefault;
				INFOPLIST_KEY_UISupportedInterfaceOrientations_iPad = "UIInterfaceOrientationPortrait UIInterfaceOrientationPortraitUpsideDown UIInterfaceOrientationLandscapeLeft UIInterfaceOrientationLandscapeRight";
				INFOPLIST_KEY_UISupportedInterfaceOrientations_iPhone = "UIInterfaceOrientationPortrait UIInterfaceOrientationLandscapeLeft UIInterfaceOrientationLandscapeRight";
				IPHONEOS_DEPLOYMENT_TARGET = 26.2;
				LD_RUNPATH_SEARCH_PATHS = "@executable_path/Frameworks";
				"LD_RUNPATH_SEARCH_PATHS[sdk=macosx*]" = "@executable_path/../Frameworks";
				MACOSX_DEPLOYMENT_TARGET = 15.7;
				MARKETING_VERSION = 1.0;
				PRODUCT_BUNDLE_IDENTIFIER = com.marcola.CategoriesDemoApp;
				PRODUCT_NAME = "$(TARGET_NAME)";
				REGISTER_APP_GROUPS = YES;
				SDKROOT = auto;
				STRING_CATALOG_GENERATE_SYMBOLS = YES;
				SUPPORTED_PLATFORMS = "iphoneos iphonesimulator macosx xros xrsimulator";
				SWIFT_APPROACHABLE_CONCURRENCY = YES;
				SWIFT_DEFAULT_ACTOR_ISOLATION = MainActor;
				SWIFT_EMIT_LOC_STRINGS = YES;
				SWIFT_UPCOMING_FEATURE_MEMBER_IMPORT_VISIBILITY = YES;
				SWIFT_VERSION = 5.0;
				TARGETED_DEVICE_FAMILY = "1,2,7";
				XROS_DEPLOYMENT_TARGET = 26.2;
			};
			name = Release;
		};
		ABF7011B2F9AB9410089263D /* Debug */ = {
			isa = XCBuildConfiguration;
			buildSettings = {
				BUNDLE_LOADER = "$(TEST_HOST)";
				CODE_SIGN_STYLE = Automatic;
				CURRENT_PROJECT_VERSION = 1;
				DEVELOPMENT_TEAM = SJTT4SW9L7;
				GENERATE_INFOPLIST_FILE = YES;
				IPHONEOS_DEPLOYMENT_TARGET = 26.2;
				MACOSX_DEPLOYMENT_TARGET = 15.7;
				MARKETING_VERSION = 1.0;
				PRODUCT_BUNDLE_IDENTIFIER = com.marcola.CategoriesDemoAppTests;
				PRODUCT_NAME = "$(TARGET_NAME)";
				SDKROOT = auto;
				STRING_CATALOG_GENERATE_SYMBOLS = NO;
				SUPPORTED_PLATFORMS = "iphoneos iphonesimulator macosx xros xrsimulator";
				SWIFT_APPROACHABLE_CONCURRENCY = YES;
				SWIFT_EMIT_LOC_STRINGS = NO;
				SWIFT_UPCOMING_FEATURE_MEMBER_IMPORT_VISIBILITY = YES;
				SWIFT_VERSION = 5.0;
				TARGETED_DEVICE_FAMILY = "1,2,7";
				TEST_HOST = "$(BUILT_PRODUCTS_DIR)/CategoriesDemoApp.app/$(BUNDLE_EXECUTABLE_FOLDER_PATH)/CategoriesDemoApp";
				XROS_DEPLOYMENT_TARGET = 26.2;
			};
			name = Debug;
		};
		ABF7011C2F9AB9410089263D /* Release */ = {
			isa = XCBuildConfiguration;
			buildSettings = {
				BUNDLE_LOADER = "$(TEST_HOST)";
				CODE_SIGN_STYLE = Automatic;
				CURRENT_PROJECT_VERSION = 1;
				DEVELOPMENT_TEAM = SJTT4SW9L7;
				GENERATE_INFOPLIST_FILE = YES;
				IPHONEOS_DEPLOYMENT_TARGET = 26.2;
				MACOSX_DEPLOYMENT_TARGET = 15.7;
				MARKETING_VERSION = 1.0;
				PRODUCT_BUNDLE_IDENTIFIER = com.marcola.CategoriesDemoAppTests;
				PRODUCT_NAME = "$(TARGET_NAME)";
				SDKROOT = auto;
				STRING_CATALOG_GENERATE_SYMBOLS = NO;
				SUPPORTED_PLATFORMS = "iphoneos iphonesimulator macosx xros xrsimulator";
				SWIFT_APPROACHABLE_CONCURRENCY = YES;
				SWIFT_EMIT_LOC_STRINGS = NO;
				SWIFT_UPCOMING_FEATURE_MEMBER_IMPORT_VISIBILITY = YES;
				SWIFT_VERSION = 5.0;
				TARGETED_DEVICE_FAMILY = "1,2,7";
				TEST_HOST = "$(BUILT_PRODUCTS_DIR)/CategoriesDemoApp.app/$(BUNDLE_EXECUTABLE_FOLDER_PATH)/CategoriesDemoApp";
				XROS_DEPLOYMENT_TARGET = 26.2;
			};
			name = Release;
		};
		ABF7011E2F9AB9410089263D /* Debug */ = {
			isa = XCBuildConfiguration;
			buildSettings = {
				CODE_SIGN_STYLE = Automatic;
				CURRENT_PROJECT_VERSION = 1;
				DEVELOPMENT_TEAM = SJTT4SW9L7;
				GENERATE_INFOPLIST_FILE = YES;
				IPHONEOS_DEPLOYMENT_TARGET = 26.2;
				MACOSX_DEPLOYMENT_TARGET = 15.7;
				MARKETING_VERSION = 1.0;
				PRODUCT_BUNDLE_IDENTIFIER = com.marcola.CategoriesDemoAppUITests;
				PRODUCT_NAME = "$(TARGET_NAME)";
				SDKROOT = auto;
				STRING_CATALOG_GENERATE_SYMBOLS = NO;
				SUPPORTED_PLATFORMS = "iphoneos iphonesimulator macosx xros xrsimulator";
				SWIFT_APPROACHABLE_CONCURRENCY = YES;
				SWIFT_EMIT_LOC_STRINGS = NO;
				SWIFT_UPCOMING_FEATURE_MEMBER_IMPORT_VISIBILITY = YES;
				SWIFT_VERSION = 5.0;
				TARGETED_DEVICE_FAMILY = "1,2,7";
				TEST_TARGET_NAME = CategoriesDemoApp;
				XROS_DEPLOYMENT_TARGET = 26.2;
			};
			name = Debug;
		};
		ABF7011F2F9AB9410089263D /* Release */ = {
			isa = XCBuildConfiguration;
			buildSettings = {
				CODE_SIGN_STYLE = Automatic;
				CURRENT_PROJECT_VERSION = 1;
				DEVELOPMENT_TEAM = SJTT4SW9L7;
				GENERATE_INFOPLIST_FILE = YES;
				IPHONEOS_DEPLOYMENT_TARGET = 26.2;
				MACOSX_DEPLOYMENT_TARGET = 15.7;
				MARKETING_VERSION = 1.0;
				PRODUCT_BUNDLE_IDENTIFIER = com.marcola.CategoriesDemoAppUITests;
				PRODUCT_NAME = "$(TARGET_NAME)";
				SDKROOT = auto;
				STRING_CATALOG_GENERATE_SYMBOLS = NO;
				SUPPORTED_PLATFORMS = "iphoneos iphonesimulator macosx xros xrsimulator";
				SWIFT_APPROACHABLE_CONCURRENCY = YES;
				SWIFT_EMIT_LOC_STRINGS = NO;
				SWIFT_UPCOMING_FEATURE_MEMBER_IMPORT_VISIBILITY = YES;
				SWIFT_VERSION = 5.0;
				TARGETED_DEVICE_FAMILY = "1,2,7";
				TEST_TARGET_NAME = CategoriesDemoApp;
				XROS_DEPLOYMENT_TARGET = 26.2;
			};
			name = Release;
		};
/* End XCBuildConfiguration section */

/* Begin XCConfigurationList section */
		ABF700F12F9AB9400089263D /* Build configuration list for PBXProject "CategoriesDemoApp" */ = {
			isa = XCConfigurationList;
			buildConfigurations = (
				ABF701152F9AB9410089263D /* Debug */,
				ABF701162F9AB9410089263D /* Release */,
			);
			defaultConfigurationIsVisible = 0;
			defaultConfigurationName = Release;
		};
		ABF701172F9AB9410089263D /* Build configuration list for PBXNativeTarget "CategoriesDemoApp" */ = {
			isa = XCConfigurationList;
			buildConfigurations = (
				ABF701182F9AB9410089263D /* Debug */,
				ABF701192F9AB9410089263D /* Release */,
			);
			defaultConfigurationIsVisible = 0;
			defaultConfigurationName = Release;
		};
		ABF7011A2F9AB9410089263D /* Build configuration list for PBXNativeTarget "CategoriesDemoAppTests" */ = {
			isa = XCConfigurationList;
			buildConfigurations = (
				ABF7011B2F9AB9410089263D /* Debug */,
				ABF7011C2F9AB9410089263D /* Release */,
			);
			defaultConfigurationIsVisible = 0;
			defaultConfigurationName = Release;
		};
		ABF7011D2F9AB9410089263D /* Build configuration list for PBXNativeTarget "CategoriesDemoAppUITests" */ = {
			isa = XCConfigurationList;
			buildConfigurations = (
				ABF7011E2F9AB9410089263D /* Debug */,
				ABF7011F2F9AB9410089263D /* Release */,
			);
			defaultConfigurationIsVisible = 0;
			defaultConfigurationName = Release;
		};
/* End XCConfigurationList section */

/* Begin XCLocalSwiftPackageReference section */
		ABF7012C2F9AB9640089263D /* XCLocalSwiftPackageReference "../../DemoShared" */ = {
			isa = XCLocalSwiftPackageReference;
			relativePath = ../../DemoShared;
		};
		ABF7012F2F9AB9730089263D /* XCLocalSwiftPackageReference "../../MCCategories" */ = {
			isa = XCLocalSwiftPackageReference;
			relativePath = ../../MCCategories;
		};
/* End XCLocalSwiftPackageReference section */

/* Begin XCSwiftPackageProductDependency section */
		ABF7012D2F9AB9640089263D /* DemoShared */ = {
			isa = XCSwiftPackageProductDependency;
			productName = DemoShared;
		};
		ABF701302F9AB9730089263D /* MCCategories */ = {
			isa = XCSwiftPackageProductDependency;
			productName = MCCategories;
		};
/* End XCSwiftPackageProductDependency section */
	};
	rootObject = ABF700EE2F9AB9400089263D /* Project object */;
}
