{
  "originHash" : "41668b800438ec9f39c0f7be56ab740230402573e335b2992fa0dc69bd2b6fd2",
  "pins" : [
    {
      "identity" : "marcolaspattern",
      "kind" : "remoteSourceControl",
      "location" : "https://github.com/MarcusBadiale/MarcolasPattern.git",
      "state" : {
        "revision" : "8b4ce8b7fa89289cc17602d3eb2e384a2819dfe4",
        "version" : "1.2.3"
      }
    },
    {
      "identity" : "swift-syntax",
      "kind" : "remoteSourceControl",
      "location" : "https://github.com/swiftlang/swift-syntax.git",
      "state" : {
        "revision" : "0687f71944021d616d34d922343dcef086855920",
        "version" : "600.0.1"
      }
    }
  ],
  "version" : 3
}
