{
  "originHash" : "4a40887a772a4347c46cf99f22124c05830e65f15c15380d0a2876d7d9800e16",
  "pins" : [
    {
      "identity" : "marcolaspattern",
      "kind" : "remoteSourceControl",
      "location" : "https://github.com/MarcusBadiale/MarcolasPattern",
      "state" : {
        "revision" : "8b4ce8b7fa89289cc17602d3eb2e384a2819dfe4",
        "version" : "1.2.3"
      }
    },
    {
      "identity" : "swift-syntax",
      "kind" : "remoteSourceControl",
      "location" : "https://github.com/swiftlang/swift-syntax.git",
      "state" : {
        "revision" : "0687f71944021d616d34d922343dcef086855920",
        "version" : "600.0.1"
      }
    }
  ],
  "version" : 3
}
